
Microsoft Visual Studio Solution File, Format Version 12.00
# Visual Studio Version 17
VisualStudioVersion = 17.3.32922.545
MinimumVisualStudioVersion = 10.0.40219.1
Project("{FAE04EC0-301F-11D3-BF4B-00C04F79EFBC}") = "Week8EpicGame", "Week8EpicGame\Week8EpicGame.csproj", "{610A1C4F-4FF4-4F3B-A808-FA8530243939}"
EndProject
Global
	GlobalSection(SolutionConfigurationPlatforms) = preSolution
		Debug|Any CPU = Debug|Any CPU
		Release|Any CPU = Release|Any CPU
	EndGlobalSection
	GlobalSection(ProjectConfigurationPlatforms) = postSolution
		{610A1C4F-4FF4-4F3B-A808-FA8530243939}.Debug|Any CPU.ActiveCfg = Debug|Any CPU
		{610A1C4F-4FF4-4F3B-A808-FA8530243939}.Debug|Any CPU.Build.0 = Debug|Any CPU
		{610A1C4F-4FF4-4F3B-A808-FA8530243939}.Release|Any CPU.ActiveCfg = Release|Any CPU
		{610A1C4F-4FF4-4F3B-A808-FA8530243939}.Release|Any CPU.Build.0 = Release|Any CPU
	EndGlobalSection
	GlobalSection(SolutionProperties) = preSolution
		HideSolutionNode = FALSE
	EndGlobalSection
	GlobalSection(ExtensibilityGlobals) = postSolution
		SolutionGuid = {87C69101-5415-4318-A2F2-6D01570C132A}
	EndGlobalSection
EndGlobal
